
Microsoft Visual Studio Solution File, Format Version 12.00
# Visual Studio Version 16
VisualStudioVersion = 16.0.31005.135
MinimumVisualStudioVersion = 10.0.40219.1
Project("{FAE04EC0-301F-11D3-BF4B-00C04F79EFBC}") = "MongoDBCRUDWithRepositoryPattern", "MongoDBCRUDWithRepositoryPattern.csproj", "{81899462-B2BB-4455-9DC5-F016F5A2A7BC}"
EndProject
Global
	GlobalSection(SolutionConfigurationPlatforms) = preSolution
		Debug|Any CPU = Debug|Any CPU
		Release|Any CPU = Release|Any CPU
	EndGlobalSection
	GlobalSection(ProjectConfigurationPlatforms) = postSolution
		{81899462-B2BB-4455-9DC5-F016F5A2A7BC}.Debug|Any CPU.ActiveCfg = Debug|Any CPU
		{81899462-B2BB-4455-9DC5-F016F5A2A7BC}.Debug|Any CPU.Build.0 = Debug|Any CPU
		{81899462-B2BB-4455-9DC5-F016F5A2A7BC}.Release|Any CPU.ActiveCfg = Release|Any CPU
		{81899462-B2BB-4455-9DC5-F016F5A2A7BC}.Release|Any CPU.Build.0 = Release|Any CPU
	EndGlobalSection
	GlobalSection(SolutionProperties) = preSolution
		HideSolutionNode = FALSE
	EndGlobalSection
	GlobalSection(ExtensibilityGlobals) = postSolution
		SolutionGuid = {02F56BBB-F479-4F42-96D8-B81479DCA127}
	EndGlobalSection
EndGlobal
